
Microsoft Visual Studio Solution File, Format Version 12.00
# Visual Studio Version 16
VisualStudioVersion = 16.0.29326.143
MinimumVisualStudioVersion = 10.0.40219.1
Project("{FAE04EC0-301F-11D3-BF4B-00C04F79EFBC}") = "Question2HSE", "Question2HSE\Question2HSE.csproj", "{8E46EEA4-9641-4D66-B269-13C7F05CA79D}"
EndProject
Global
	GlobalSection(SolutionConfigurationPlatforms) = preSolution
		Debug|Any CPU = Debug|Any CPU
		Release|Any CPU = Release|Any CPU
	EndGlobalSection
	GlobalSection(ProjectConfigurationPlatforms) = postSolution
		{8E46EEA4-9641-4D66-B269-13C7F05CA79D}.Debug|Any CPU.ActiveCfg = Debug|Any CPU
		{8E46EEA4-9641-4D66-B269-13C7F05CA79D}.Debug|Any CPU.Build.0 = Debug|Any CPU
		{8E46EEA4-9641-4D66-B269-13C7F05CA79D}.Release|Any CPU.ActiveCfg = Release|Any CPU
		{8E46EEA4-9641-4D66-B269-13C7F05CA79D}.Release|Any CPU.Build.0 = Release|Any CPU
	EndGlobalSection
	GlobalSection(SolutionProperties) = preSolution
		HideSolutionNode = FALSE
	EndGlobalSection
	GlobalSection(ExtensibilityGlobals) = postSolution
		SolutionGuid = {BCDDFED5-C2F5-4CFE-8DDD-E4199661AD54}
	EndGlobalSection
EndGlobal
